// !$*UTF8*$!
{
	archiveVersion = 1;
	classes = {
	};
	objectVersion = 56;
	objects = {

/* Begin PBXBuildFile section */
		FAF7E7E929EABA96008597D8 /* Todo_TaskApp.swift in Sources */ = {isa = PBXBuildFile; fileRef = FAF7E7E829EABA96008597D8 /* Todo_TaskApp.swift */; };
		FAF7E7EB29EABA96008597D8 /* ContentView.swift in Sources */ = {isa = PBXBuildFile; fileRef = FAF7E7EA29EABA96008597D8 /* ContentView.swift */; };
		FAF7E7ED29EABA98008597D8 /* Assets.xcassets in Resources */ = {isa = PBXBuildFile; fileRef = FAF7E7EC29EABA98008597D8 /* Assets.xcassets */; };
		FAF7E7F029EABA98008597D8 /* Preview Assets.xcassets in Resources */ = {isa = PBXBuildFile; fileRef = FAF7E7EF29EABA98008597D8 /* Preview Assets.xcassets */; };
		FAF7E7F229EABA98008597D8 /* Persistence.swift in Sources */ = {isa = PBXBuildFile; fileRef = FAF7E7F129EABA98008597D8 /* Persistence.swift */; };
		FAF7E7F529EABA98008597D8 /* Todo_Task.xcdatamodeld in Sources */ = {isa = PBXBuildFile; fileRef = FAF7E7F329EABA98008597D8 /* Todo_Task.xcdatamodeld */; };
		FAF7E7FF29EABA98008597D8 /* Todo_TaskTests.swift in Sources */ = {isa = PBXBuildFile; fileRef = FAF7E7FE29EABA98008597D8 /* Todo_TaskTests.swift */; };
		FAF7E80929EABA98008597D8 /* Todo_TaskUITests.swift in Sources */ = {isa = PBXBuildFile; fileRef = FAF7E80829EABA98008597D8 /* Todo_TaskUITests.swift */; };
		FAF7E80B29EABA98008597D8 /* Todo_TaskUITestsLaunchTests.swift in Sources */ = {isa = PBXBuildFile; fileRef = FAF7E80A29EABA98008597D8 /* Todo_TaskUITestsLaunchTests.swift */; };
		FAF7E81929EABD47008597D8 /* AddButton.swift in Sources */ = {isa = PBXBuildFile; fileRef = FAF7E81829EABD47008597D8 /* AddButton.swift */; };
		FAF7E81B29EABD53008597D8 /* AddToDoView.swift in Sources */ = {isa = PBXBuildFile; fileRef = FAF7E81A29EABD53008597D8 /* AddToDoView.swift */; };
		FAF7E82029EACDA1008597D8 /* BottomBar.swift in Sources */ = {isa = PBXBuildFile; fileRef = FAF7E81F29EACDA1008597D8 /* BottomBar.swift */; };
		FAF7E82529EAD47F008597D8 /* Group.swift in Sources */ = {isa = PBXBuildFile; fileRef = FAF7E82429EAD47F008597D8 /* Group.swift */; };
		FAF7E82729EAD48A008597D8 /* Color.swift in Sources */ = {isa = PBXBuildFile; fileRef = FAF7E82629EAD48A008597D8 /* Color.swift */; };
		FAF7E82929EAD494008597D8 /* Todo.swift in Sources */ = {isa = PBXBuildFile; fileRef = FAF7E82829EAD494008597D8 /* Todo.swift */; };
		FAF7E82B29EAD4DB008597D8 /* PersistenceController.swift in Sources */ = {isa = PBXBuildFile; fileRef = FAF7E82A29EAD4DB008597D8 /* PersistenceController.swift */; };
/* End PBXBuildFile section */

/* Begin PBXContainerItemProxy section */
		FAF7E7FB29EABA98008597D8 /* PBXContainerItemProxy */ = {
			isa = PBXContainerItemProxy;
			containerPortal = FAF7E7DD29EABA96008597D8 /* Project object */;
			proxyType = 1;
			remoteGlobalIDString = FAF7E7E429EABA96008597D8;
			remoteInfo = Todo_Task;
		};
		FAF7E80529EABA98008597D8 /* PBXContainerItemProxy */ = {
			isa = PBXContainerItemProxy;
			containerPortal = FAF7E7DD29EABA96008597D8 /* Project object */;
			proxyType = 1;
			remoteGlobalIDString = FAF7E7E429EABA96008597D8;
			remoteInfo = Todo_Task;
		};
/* End PBXContainerItemProxy section */

/* Begin PBXFileReference section */
		FAF7E7E529EABA96008597D8 /* Todo_Task.app */ = {isa = PBXFileReference; explicitFileType = wrapper.application; includeInIndex = 0; path = Todo_Task.app; sourceTree = BUILT_PRODUCTS_DIR; };
		FAF7E7E829EABA96008597D8 /* Todo_TaskApp.swift */ = {isa = PBXFileReference; lastKnownFileType = sourcecode.swift; path = Todo_TaskApp.swift; sourceTree = "<group>"; };
		FAF7E7EA29EABA96008597D8 /* ContentView.swift */ = {isa = PBXFileReference; lastKnownFileType = sourcecode.swift; path = ContentView.swift; sourceTree = "<group>"; };
		FAF7E7EC29EABA98008597D8 /* Assets.xcassets */ = {isa = PBXFileReference; lastKnownFileType = folder.assetcatalog; path = Assets.xcassets; sourceTree = "<group>"; };
		FAF7E7EF29EABA98008597D8 /* Preview Assets.xcassets */ = {isa = PBXFileReference; lastKnownFileType = folder.assetcatalog; path = "Preview Assets.xcassets"; sourceTree = "<group>"; };
		FAF7E7F129EABA98008597D8 /* Persistence.swift */ = {isa = PBXFileReference; lastKnownFileType = sourcecode.swift; path = Persistence.swift; sourceTree = "<group>"; };
		FAF7E7F429EABA98008597D8 /* Todo_Task.xcdatamodel */ = {isa = PBXFileReference; lastKnownFileType = wrapper.xcdatamodel; path = Todo_Task.xcdatamodel; sourceTree = "<group>"; };
		FAF7E7FA29EABA98008597D8 /* Todo_TaskTests.xctest */ = {isa = PBXFileReference; explicitFileType = wrapper.cfbundle; includeInIndex = 0; path = Todo_TaskTests.xctest; sourceTree = BUILT_PRODUCTS_DIR; };
		FAF7E7FE29EABA98008597D8 /* Todo_TaskTests.swift */ = {isa = PBXFileReference; lastKnownFileType = sourcecode.swift; path = Todo_TaskTests.swift; sourceTree = "<group>"; };
		FAF7E80429EABA98008597D8 /* Todo_TaskUITests.xctest */ = {isa = PBXFileReference; explicitFileType = wrapper.cfbundle; includeInIndex = 0; path = Todo_TaskUITests.xctest; sourceTree = BUILT_PRODUCTS_DIR; };
		FAF7E80829EABA98008597D8 /* Todo_TaskUITests.swift */ = {isa = PBXFileReference; lastKnownFileType = sourcecode.swift; path = Todo_TaskUITests.swift; sourceTree = "<group>"; };
		FAF7E80A29EABA98008597D8 /* Todo_TaskUITestsLaunchTests.swift */ = {isa = PBXFileReference; lastKnownFileType = sourcecode.swift; path = Todo_TaskUITestsLaunchTests.swift; sourceTree = "<group>"; };
		FAF7E81829EABD47008597D8 /* AddButton.swift */ = {isa = PBXFileReference; lastKnownFileType = sourcecode.swift; path = AddButton.swift; sourceTree = "<group>"; };
		FAF7E81A29EABD53008597D8 /* AddToDoView.swift */ = {isa = PBXFileReference; lastKnownFileType = sourcecode.swift; path = AddToDoView.swift; sourceTree = "<group>"; };
		FAF7E81F29EACDA1008597D8 /* BottomBar.swift */ = {isa = PBXFileReference; lastKnownFileType = sourcecode.swift; path = BottomBar.swift; sourceTree = "<group>"; };
		FAF7E82429EAD47F008597D8 /* Group.swift */ = {isa = PBXFileReference; lastKnownFileType = sourcecode.swift; path = Group.swift; sourceTree = "<group>"; };
		FAF7E82629EAD48A008597D8 /* Color.swift */ = {isa = PBXFileReference; lastKnownFileType = sourcecode.swift; path = Color.swift; sourceTree = "<group>"; };
		FAF7E82829EAD494008597D8 /* Todo.swift */ = {isa = PBXFileReference; lastKnownFileType = sourcecode.swift; path = Todo.swift; sourceTree = "<group>"; };
		FAF7E82A29EAD4DB008597D8 /* PersistenceController.swift */ = {isa = PBXFileReference; lastKnownFileType = sourcecode.swift; path = PersistenceController.swift; sourceTree = "<group>"; };
/* End PBXFileReference section */

/* Begin PBXFrameworksBuildPhase section */
		FAF7E7E229EABA96008597D8 /* Frameworks */ = {
			isa = PBXFrameworksBuildPhase;
			buildActionMask = 2147483647;
			files = (
			);
			runOnlyForDeploymentPostprocessing = 0;
		};
		FAF7E7F729EABA98008597D8 /* Frameworks */ = {
			isa = PBXFrameworksBuildPhase;
			buildActionMask = 2147483647;
			files = (
			);
			runOnlyForDeploymentPostprocessing = 0;
		};
		FAF7E80129EABA98008597D8 /* Frameworks */ = {
			isa = PBXFrameworksBuildPhase;
			buildActionMask = 2147483647;
			files = (
			);
			runOnlyForDeploymentPostprocessing = 0;
		};
/* End PBXFrameworksBuildPhase section */

/* Begin PBXGroup section */
		FAF7E7DC29EABA96008597D8 = {
			isa = PBXGroup;
			children = (
				FAF7E7E729EABA96008597D8 /* Todo_Task */,
				FAF7E7FD29EABA98008597D8 /* Todo_TaskTests */,
				FAF7E80729EABA98008597D8 /* Todo_TaskUITests */,
				FAF7E7E629EABA96008597D8 /* Products */,
			);
			sourceTree = "<group>";
		};
		FAF7E7E629EABA96008597D8 /* Products */ = {
			isa = PBXGroup;
			children = (
				FAF7E7E529EABA96008597D8 /* Todo_Task.app */,
				FAF7E7FA29EABA98008597D8 /* Todo_TaskTests.xctest */,
				FAF7E80429EABA98008597D8 /* Todo_TaskUITests.xctest */,
			);
			name = Products;
			sourceTree = "<group>";
		};
		FAF7E7E729EABA96008597D8 /* Todo_Task */ = {
			isa = PBXGroup;
			children = (
				FAF7E82129EAD458008597D8 /* Extensions */,
				FAF7E81E29EACD92008597D8 /* Components */,
				FAF7E7E829EABA96008597D8 /* Todo_TaskApp.swift */,
				FAF7E81729EABCFF008597D8 /* View */,
				FAF7E7EC29EABA98008597D8 /* Assets.xcassets */,
				FAF7E7F329EABA98008597D8 /* Todo_Task.xcdatamodeld */,
				FAF7E7EE29EABA98008597D8 /* Preview Content */,
			);
			path = Todo_Task;
			sourceTree = "<group>";
		};
		FAF7E7EE29EABA98008597D8 /* Preview Content */ = {
			isa = PBXGroup;
			children = (
				FAF7E7F129EABA98008597D8 /* Persistence.swift */,
				FAF7E7EF29EABA98008597D8 /* Preview Assets.xcassets */,
			);
			path = "Preview Content";
			sourceTree = "<group>";
		};
		FAF7E7FD29EABA98008597D8 /* Todo_TaskTests */ = {
			isa = PBXGroup;
			children = (
				FAF7E7FE29EABA98008597D8 /* Todo_TaskTests.swift */,
			);
			path = Todo_TaskTests;
			sourceTree = "<group>";
		};
		FAF7E80729EABA98008597D8 /* Todo_TaskUITests */ = {
			isa = PBXGroup;
			children = (
				FAF7E80829EABA98008597D8 /* Todo_TaskUITests.swift */,
				FAF7E80A29EABA98008597D8 /* Todo_TaskUITestsLaunchTests.swift */,
			);
			path = Todo_TaskUITests;
			sourceTree = "<group>";
		};
		FAF7E81729EABCFF008597D8 /* View */ = {
			isa = PBXGroup;
			children = (
				FAF7E7EA29EABA96008597D8 /* ContentView.swift */,
				FAF7E81A29EABD53008597D8 /* AddToDoView.swift */,
			);
			path = View;
			sourceTree = "<group>";
		};
		FAF7E81E29EACD92008597D8 /* Components */ = {
			isa = PBXGroup;
			children = (
				FAF7E81F29EACDA1008597D8 /* BottomBar.swift */,
				FAF7E81829EABD47008597D8 /* AddButton.swift */,
			);
			path = Components;
			sourceTree = "<group>";
		};
		FAF7E82129EAD458008597D8 /* Extensions */ = {
			isa = PBXGroup;
			children = (
				FAF7E82429EAD47F008597D8 /* Group.swift */,
				FAF7E82629EAD48A008597D8 /* Color.swift */,
				FAF7E82829EAD494008597D8 /* Todo.swift */,
				FAF7E82A29EAD4DB008597D8 /* PersistenceController.swift */,
			);
			path = Extensions;
			sourceTree = "<group>";
		};
/* End PBXGroup section */

/* Begin PBXNativeTarget section */
		FAF7E7E429EABA96008597D8 /* Todo_Task */ = {
			isa = PBXNativeTarget;
			buildConfigurationList = FAF7E80E29EABA98008597D8 /* Build configuration list for PBXNativeTarget "Todo_Task" */;
			buildPhases = (
				FAF7E7E129EABA96008597D8 /* Sources */,
				FAF7E7E229EABA96008597D8 /* Frameworks */,
				FAF7E7E329EABA96008597D8 /* Resources */,
			);
			buildRules = (
			);
			dependencies = (
			);
			name = Todo_Task;
			productName = Todo_Task;
			productReference = FAF7E7E529EABA96008597D8 /* Todo_Task.app */;
			productType = "com.apple.product-type.application";
		};
		FAF7E7F929EABA98008597D8 /* Todo_TaskTests */ = {
			isa = PBXNativeTarget;
			buildConfigurationList = FAF7E81129EABA98008597D8 /* Build configuration list for PBXNativeTarget "Todo_TaskTests" */;
			buildPhases = (
				FAF7E7F629EABA98008597D8 /* Sources */,
				FAF7E7F729EABA98008597D8 /* Frameworks */,
				FAF7E7F829EABA98008597D8 /* Resources */,
			);
			buildRules = (
			);
			dependencies = (
				FAF7E7FC29EABA98008597D8 /* PBXTargetDependency */,
			);
			name = Todo_TaskTests;
			productName = Todo_TaskTests;
			productReference = FAF7E7FA29EABA98008597D8 /* Todo_TaskTests.xctest */;
			productType = "com.apple.product-type.bundle.unit-test";
		};
		FAF7E80329EABA98008597D8 /* Todo_TaskUITests */ = {
			isa = PBXNativeTarget;
			buildConfigurationList = FAF7E81429EABA98008597D8 /* Build configuration list for PBXNativeTarget "Todo_TaskUITests" */;
			buildPhases = (
				FAF7E80029EABA98008597D8 /* Sources */,
				FAF7E80129EABA98008597D8 /* Frameworks */,
				FAF7E80229EABA98008597D8 /* Resources */,
			);
			buildRules = (
			);
			dependencies = (
				FAF7E80629EABA98008597D8 /* PBXTargetDependency */,
			);
			name = Todo_TaskUITests;
			productName = Todo_TaskUITests;
			productReference = FAF7E80429EABA98008597D8 /* Todo_TaskUITests.xctest */;
			productType = "com.apple.product-type.bundle.ui-testing";
		};
/* End PBXNativeTarget section */

/* Begin PBXProject section */
		FAF7E7DD29EABA96008597D8 /* Project object */ = {
			isa = PBXProject;
			attributes = {
				BuildIndependentTargetsInParallel = 1;
				LastSwiftUpdateCheck = 1410;
				LastUpgradeCheck = 1410;
				TargetAttributes = {
					FAF7E7E429EABA96008597D8 = {
						CreatedOnToolsVersion = 14.1;
					};
					FAF7E7F929EABA98008597D8 = {
						CreatedOnToolsVersion = 14.1;
						TestTargetID = FAF7E7E429EABA96008597D8;
					};
					FAF7E80329EABA98008597D8 = {
						CreatedOnToolsVersion = 14.1;
						TestTargetID = FAF7E7E429EABA96008597D8;
					};
				};
			};
			buildConfigurationList = FAF7E7E029EABA96008597D8 /* Build configuration list for PBXProject "Todo_Task" */;
			compatibilityVersion = "Xcode 14.0";
			developmentRegion = en;
			hasScannedForEncodings = 0;
			knownRegions = (
				en,
				Base,
			);
			mainGroup = FAF7E7DC29EABA96008597D8;
			productRefGroup = FAF7E7E629EABA96008597D8 /* Products */;
			projectDirPath = "";
			projectRoot = "";
			targets = (
				FAF7E7E429EABA96008597D8 /* Todo_Task */,
				FAF7E7F929EABA98008597D8 /* Todo_TaskTests */,
				FAF7E80329EABA98008597D8 /* Todo_TaskUITests */,
			);
		};
/* End PBXProject section */

/* Begin PBXResourcesBuildPhase section */
		FAF7E7E329EABA96008597D8 /* Resources */ = {
			isa = PBXResourcesBuildPhase;
			buildActionMask = 2147483647;
			files = (
				FAF7E7F029EABA98008597D8 /* Preview Assets.xcassets in Resources */,
				FAF7E7ED29EABA98008597D8 /* Assets.xcassets in Resources */,
			);
			runOnlyForDeploymentPostprocessing = 0;
		};
		FAF7E7F829EABA98008597D8 /* Resources */ = {
			isa = PBXResourcesBuildPhase;
			buildActionMask = 2147483647;
			files = (
			);
			runOnlyForDeploymentPostprocessing = 0;
		};
		FAF7E80229EABA98008597D8 /* Resources */ = {
			isa = PBXResourcesBuildPhase;
			buildActionMask = 2147483647;
			files = (
			);
			runOnlyForDeploymentPostprocessing = 0;
		};
/* End PBXResourcesBuildPhase section */

/* Begin PBXSourcesBuildPhase section */
		FAF7E7E129EABA96008597D8 /* Sources */ = {
			isa = PBXSourcesBuildPhase;
			buildActionMask = 2147483647;
			files = (
				FAF7E7F229EABA98008597D8 /* Persistence.swift in Sources */,
				FAF7E7EB29EABA96008597D8 /* ContentView.swift in Sources */,
				FAF7E81B29EABD53008597D8 /* AddToDoView.swift in Sources */,
				FAF7E82529EAD47F008597D8 /* Group.swift in Sources */,
				FAF7E82B29EAD4DB008597D8 /* PersistenceController.swift in Sources */,
				FAF7E7F529EABA98008597D8 /* Todo_Task.xcdatamodeld in Sources */,
				FAF7E82029EACDA1008597D8 /* BottomBar.swift in Sources */,
				FAF7E81929EABD47008597D8 /* AddButton.swift in Sources */,
				FAF7E7E929EABA96008597D8 /* Todo_TaskApp.swift in Sources */,
				FAF7E82729EAD48A008597D8 /* Color.swift in Sources */,
				FAF7E82929EAD494008597D8 /* Todo.swift in Sources */,
			);
			runOnlyForDeploymentPostprocessing = 0;
		};
		FAF7E7F629EABA98008597D8 /* Sources */ = {
			isa = PBXSourcesBuildPhase;
			buildActionMask = 2147483647;
			files = (
				FAF7E7FF29EABA98008597D8 /* Todo_TaskTests.swift in Sources */,
			);
			runOnlyForDeploymentPostprocessing = 0;
		};
		FAF7E80029EABA98008597D8 /* Sources */ = {
			isa = PBXSourcesBuildPhase;
			buildActionMask = 2147483647;
			files = (
				FAF7E80929EABA98008597D8 /* Todo_TaskUITests.swift in Sources */,
				FAF7E80B29EABA98008597D8 /* Todo_TaskUITestsLaunchTests.swift in Sources */,
			);
			runOnlyForDeploymentPostprocessing = 0;
		};
/* End PBXSourcesBuildPhase section */

/* Begin PBXTargetDependency section */
		FAF7E7FC29EABA98008597D8 /* PBXTargetDependency */ = {
			isa = PBXTargetDependency;
			target = FAF7E7E429EABA96008597D8 /* Todo_Task */;
			targetProxy = FAF7E7FB29EABA98008597D8 /* PBXContainerItemProxy */;
		};
		FAF7E80629EABA98008597D8 /* PBXTargetDependency */ = {
			isa = PBXTargetDependency;
			target = FAF7E7E429EABA96008597D8 /* Todo_Task */;
			targetProxy = FAF7E80529EABA98008597D8 /* PBXContainerItemProxy */;
		};
/* End PBXTargetDependency section */

/* Begin XCBuildConfiguration section */
		FAF7E80C29EABA98008597D8 /* Debug */ = {
			isa = XCBuildConfiguration;
			buildSettings = {
				ALWAYS_SEARCH_USER_PATHS = NO;
				CLANG_ANALYZER_NONNULL = YES;
				CLANG_ANALYZER_NUMBER_OBJECT_CONVERSION = YES_AGGRESSIVE;
				CLANG_CXX_LANGUAGE_STANDARD = "gnu++20";
				CLANG_ENABLE_MODULES = YES;
				CLANG_ENABLE_OBJC_ARC = YES;
				CLANG_ENABLE_OBJC_WEAK = YES;
				CLANG_WARN_BLOCK_CAPTURE_AUTORELEASING = YES;
				CLANG_WARN_BOOL_CONVERSION = YES;
				CLANG_WARN_COMMA = YES;
				CLANG_WARN_CONSTANT_CONVERSION = YES;
				CLANG_WARN_DEPRECATED_OBJC_IMPLEMENTATIONS = YES;
				CLANG_WARN_DIRECT_OBJC_ISA_USAGE = YES_ERROR;
				CLANG_WARN_DOCUMENTATION_COMMENTS = YES;
				CLANG_WARN_EMPTY_BODY = YES;
				CLANG_WARN_ENUM_CONVERSION = YES;
				CLANG_WARN_INFINITE_RECURSION = YES;
				CLANG_WARN_INT_CONVERSION = YES;
				CLANG_WARN_NON_LITERAL_NULL_CONVERSION = YES;
				CLANG_WARN_OBJC_IMPLICIT_RETAIN_SELF = YES;
				CLANG_WARN_OBJC_LITERAL_CONVERSION = YES;
				CLANG_WARN_OBJC_ROOT_CLASS = YES_ERROR;
				CLANG_WARN_QUOTED_INCLUDE_IN_FRAMEWORK_HEADER = YES;
				CLANG_WARN_RANGE_LOOP_ANALYSIS = YES;
				CLANG_WARN_STRICT_PROTOTYPES = YES;
				CLANG_WARN_SUSPICIOUS_MOVE = YES;
				CLANG_WARN_UNGUARDED_AVAILABILITY = YES_AGGRESSIVE;
				CLANG_WARN_UNREACHABLE_CODE = YES;
				CLANG_WARN__DUPLICATE_METHOD_MATCH = YES;
				COPY_PHASE_STRIP = NO;
				DEBUG_INFORMATION_FORMAT = dwarf;
				ENABLE_STRICT_OBJC_MSGSEND = YES;
				ENABLE_TESTABILITY = YES;
				GCC_C_LANGUAGE_STANDARD = gnu11;
				GCC_DYNAMIC_NO_PIC = NO;
				GCC_NO_COMMON_BLOCKS = YES;
				GCC_OPTIMIZATION_LEVEL = 0;
				GCC_PREPROCESSOR_DEFINITIONS = (
					"DEBUG=1",
					"$(inherited)",
				);
				GCC_WARN_64_TO_32_BIT_CONVERSION = YES;
				GCC_WARN_ABOUT_RETURN_TYPE = YES_ERROR;
				GCC_WARN_UNDECLARED_SELECTOR = YES;
				GCC_WARN_UNINITIALIZED_AUTOS = YES_AGGRESSIVE;
				GCC_WARN_UNUSED_FUNCTION = YES;
				GCC_WARN_UNUSED_VARIABLE = YES;
				IPHONEOS_DEPLOYMENT_TARGET = 16.1;
				MTL_ENABLE_DEBUG_INFO = INCLUDE_SOURCE;
				MTL_FAST_MATH = YES;
				ONLY_ACTIVE_ARCH = YES;
				SDKROOT = iphoneos;
				SWIFT_ACTIVE_COMPILATION_CONDITIONS = DEBUG;
				SWIFT_OPTIMIZATION_LEVEL = "-Onone";
			};
			name = Debug;
		};
		FAF7E80D29EABA98008597D8 /* Release */ = {
			isa = XCBuildConfiguration;
			buildSettings = {
				ALWAYS_SEARCH_USER_PATHS = NO;
				CLANG_ANALYZER_NONNULL = YES;
				CLANG_ANALYZER_NUMBER_OBJECT_CONVERSION = YES_AGGRESSIVE;
				CLANG_CXX_LANGUAGE_STANDARD = "gnu++20";
				CLANG_ENABLE_MODULES = YES;
				CLANG_ENABLE_OBJC_ARC = YES;
				CLANG_ENABLE_OBJC_WEAK = YES;
				CLANG_WARN_BLOCK_CAPTURE_AUTORELEASING = YES;
				CLANG_WARN_BOOL_CONVERSION = YES;
				CLANG_WARN_COMMA = YES;
				CLANG_WARN_CONSTANT_CONVERSION = YES;
				CLANG_WARN_DEPRECATED_OBJC_IMPLEMENTATIONS = YES;
				CLANG_WARN_DIRECT_OBJC_ISA_USAGE = YES_ERROR;
				CLANG_WARN_DOCUMENTATION_COMMENTS = YES;
				CLANG_WARN_EMPTY_BODY = YES;
				CLANG_WARN_ENUM_CONVERSION = YES;
				CLANG_WARN_INFINITE_RECURSION = YES;
				CLANG_WARN_INT_CONVERSION = YES;
				CLANG_WARN_NON_LITERAL_NULL_CONVERSION = YES;
				CLANG_WARN_OBJC_IMPLICIT_RETAIN_SELF = YES;
				CLANG_WARN_OBJC_LITERAL_CONVERSION = YES;
				CLANG_WARN_OBJC_ROOT_CLASS = YES_ERROR;
				CLANG_WARN_QUOTED_INCLUDE_IN_FRAMEWORK_HEADER = YES;
				CLANG_WARN_RANGE_LOOP_ANALYSIS = YES;
				CLANG_WARN_STRICT_PROTOTYPES = YES;
				CLANG_WARN_SUSPICIOUS_MOVE = YES;
				CLANG_WARN_UNGUARDED_AVAILABILITY = YES_AGGRESSIVE;
				CLANG_WARN_UNREACHABLE_CODE = YES;
				CLANG_WARN__DUPLICATE_METHOD_MATCH = YES;
				COPY_PHASE_STRIP = NO;
				DEBUG_INFORMATION_FORMAT = "dwarf-with-dsym";
				ENABLE_NS_ASSERTIONS = NO;
				ENABLE_STRICT_OBJC_MSGSEND = YES;
				GCC_C_LANGUAGE_STANDARD = gnu11;
				GCC_NO_COMMON_BLOCKS = YES;
				GCC_WARN_64_TO_32_BIT_CONVERSION = YES;
				GCC_WARN_ABOUT_RETURN_TYPE = YES_ERROR;
				GCC_WARN_UNDECLARED_SELECTOR = YES;
				GCC_WARN_UNINITIALIZED_AUTOS = YES_AGGRESSIVE;
				GCC_WARN_UNUSED_FUNCTION = YES;
				GCC_WARN_UNUSED_VARIABLE = YES;
				IPHONEOS_DEPLOYMENT_TARGET = 16.1;
				MTL_ENABLE_DEBUG_INFO = NO;
				MTL_FAST_MATH = YES;
				SDKROOT = iphoneos;
				SWIFT_COMPILATION_MODE = wholemodule;
				SWIFT_OPTIMIZATION_LEVEL = "-O";
				VALIDATE_PRODUCT = YES;
			};
			name = Release;
		};
		FAF7E80F29EABA98008597D8 /* Debug */ = {
			isa = XCBuildConfiguration;
			buildSettings = {
				ASSETCATALOG_COMPILER_APPICON_NAME = AppIcon;
				ASSETCATALOG_COMPILER_GLOBAL_ACCENT_COLOR_NAME = AccentColor;
				CODE_SIGN_STYLE = Automatic;
				CURRENT_PROJECT_VERSION = 1;
				DEVELOPMENT_ASSET_PATHS = "\"Todo_Task/Preview Content\"";
				ENABLE_PREVIEWS = YES;
				GENERATE_INFOPLIST_FILE = YES;
				INFOPLIST_KEY_UIApplicationSceneManifest_Generation = YES;
				INFOPLIST_KEY_UIApplicationSupportsIndirectInputEvents = YES;
				INFOPLIST_KEY_UILaunchScreen_Generation = YES;
				INFOPLIST_KEY_UISupportedInterfaceOrientations_iPad = "UIInterfaceOrientationPortrait UIInterfaceOrientationPortraitUpsideDown UIInterfaceOrientationLandscapeLeft UIInterfaceOrientationLandscapeRight";
				INFOPLIST_KEY_UISupportedInterfaceOrientations_iPhone = "UIInterfaceOrientationPortrait UIInterfaceOrientationLandscapeLeft UIInterfaceOrientationLandscapeRight";
				LD_RUNPATH_SEARCH_PATHS = (
					"$(inherited)",
					"@executable_path/Frameworks",
				);
				MARKETING_VERSION = 1.0;
				PRODUCT_BUNDLE_IDENTIFIER = "com.mustafakilinc.Todo-Task";
				PRODUCT_NAME = "$(TARGET_NAME)";
				SWIFT_EMIT_LOC_STRINGS = YES;
				SWIFT_VERSION = 5.0;
				TARGETED_DEVICE_FAMILY = "1,2";
			};
			name = Debug;
		};
		FAF7E81029EABA98008597D8 /* Release */ = {
			isa = XCBuildConfiguration;
			buildSettings = {
				ASSETCATALOG_COMPILER_APPICON_NAME = AppIcon;
				ASSETCATALOG_COMPILER_GLOBAL_ACCENT_COLOR_NAME = AccentColor;
				CODE_SIGN_STYLE = Automatic;
				CURRENT_PROJECT_VERSION = 1;
				DEVELOPMENT_ASSET_PATHS = "\"Todo_Task/Preview Content\"";
				ENABLE_PREVIEWS = YES;
				GENERATE_INFOPLIST_FILE = YES;
				INFOPLIST_KEY_UIApplicationSceneManifest_Generation = YES;
				INFOPLIST_KEY_UIApplicationSupportsIndirectInputEvents = YES;
				INFOPLIST_KEY_UILaunchScreen_Generation = YES;
				INFOPLIST_KEY_UISupportedInterfaceOrientations_iPad = "UIInterfaceOrientationPortrait UIInterfaceOrientationPortraitUpsideDown UIInterfaceOrientationLandscapeLeft UIInterfaceOrientationLandscapeRight";
				INFOPLIST_KEY_UISupportedInterfaceOrientations_iPhone = "UIInterfaceOrientationPortrait UIInterfaceOrientationLandscapeLeft UIInterfaceOrientationLandscapeRight";
				LD_RUNPATH_SEARCH_PATHS = (
					"$(inherited)",
					"@executable_path/Frameworks",
				);
				MARKETING_VERSION = 1.0;
				PRODUCT_BUNDLE_IDENTIFIER = "com.mustafakilinc.Todo-Task";
				PRODUCT_NAME = "$(TARGET_NAME)";
				SWIFT_EMIT_LOC_STRINGS = YES;
				SWIFT_VERSION = 5.0;
				TARGETED_DEVICE_FAMILY = "1,2";
			};
			name = Release;
		};
		FAF7E81229EABA98008597D8 /* Debug */ = {
			isa = XCBuildConfiguration;
			buildSettings = {
				ALWAYS_EMBED_SWIFT_STANDARD_LIBRARIES = YES;
				BUNDLE_LOADER = "$(TEST_HOST)";
				CODE_SIGN_STYLE = Automatic;
				CURRENT_PROJECT_VERSION = 1;
				GENERATE_INFOPLIST_FILE = YES;
				IPHONEOS_DEPLOYMENT_TARGET = 16.1;
				MARKETING_VERSION = 1.0;
				PRODUCT_BUNDLE_IDENTIFIER = "com.mustafakilinc.Todo-TaskTests";
				PRODUCT_NAME = "$(TARGET_NAME)";
				SWIFT_EMIT_LOC_STRINGS = NO;
				SWIFT_VERSION = 5.0;
				TARGETED_DEVICE_FAMILY = "1,2";
				TEST_HOST = "$(BUILT_PRODUCTS_DIR)/Todo_Task.app/$(BUNDLE_EXECUTABLE_FOLDER_PATH)/Todo_Task";
			};
			name = Debug;
		};
		FAF7E81329EABA98008597D8 /* Release */ = {
			isa = XCBuildConfiguration;
			buildSettings = {
				ALWAYS_EMBED_SWIFT_STANDARD_LIBRARIES = YES;
				BUNDLE_LOADER = "$(TEST_HOST)";
				CODE_SIGN_STYLE = Automatic;
				CURRENT_PROJECT_VERSION = 1;
				GENERATE_INFOPLIST_FILE = YES;
				IPHONEOS_DEPLOYMENT_TARGET = 16.1;
				MARKETING_VERSION = 1.0;
				PRODUCT_BUNDLE_IDENTIFIER = "com.mustafakilinc.Todo-TaskTests";
				PRODUCT_NAME = "$(TARGET_NAME)";
				SWIFT_EMIT_LOC_STRINGS = NO;
				SWIFT_VERSION = 5.0;
				TARGETED_DEVICE_FAMILY = "1,2";
				TEST_HOST = "$(BUILT_PRODUCTS_DIR)/Todo_Task.app/$(BUNDLE_EXECUTABLE_FOLDER_PATH)/Todo_Task";
			};
			name = Release;
		};
		FAF7E81529EABA98008597D8 /* Debug */ = {
			isa = XCBuildConfiguration;
			buildSettings = {
				ALWAYS_EMBED_SWIFT_STANDARD_LIBRARIES = YES;
				CODE_SIGN_STYLE = Automatic;
				CURRENT_PROJECT_VERSION = 1;
				GENERATE_INFOPLIST_FILE = YES;
				MARKETING_VERSION = 1.0;
				PRODUCT_BUNDLE_IDENTIFIER = "com.mustafakilinc.Todo-TaskUITests";
				PRODUCT_NAME = "$(TARGET_NAME)";
				SWIFT_EMIT_LOC_STRINGS = NO;
				SWIFT_VERSION = 5.0;
				TARGETED_DEVICE_FAMILY = "1,2";
				TEST_TARGET_NAME = Todo_Task;
			};
			name = Debug;
		};
		FAF7E81629EABA98008597D8 /* Release */ = {
			isa = XCBuildConfiguration;
			buildSettings = {
				ALWAYS_EMBED_SWIFT_STANDARD_LIBRARIES = YES;
				CODE_SIGN_STYLE = Automatic;
				CURRENT_PROJECT_VERSION = 1;
				GENERATE_INFOPLIST_FILE = YES;
				MARKETING_VERSION = 1.0;
				PRODUCT_BUNDLE_IDENTIFIER = "com.mustafakilinc.Todo-TaskUITests";
				PRODUCT_NAME = "$(TARGET_NAME)";
				SWIFT_EMIT_LOC_STRINGS = NO;
				SWIFT_VERSION = 5.0;
				TARGETED_DEVICE_FAMILY = "1,2";
				TEST_TARGET_NAME = Todo_Task;
			};
			name = Release;
		};
/* End XCBuildConfiguration section */

/* Begin XCConfigurationList section */
		FAF7E7E029EABA96008597D8 /* Build configuration list for PBXProject "Todo_Task" */ = {
			isa = XCConfigurationList;
			buildConfigurations = (
				FAF7E80C29EABA98008597D8 /* Debug */,
				FAF7E80D29EABA98008597D8 /* Release */,
			);
			defaultConfigurationIsVisible = 0;
			defaultConfigurationName = Release;
		};
		FAF7E80E29EABA98008597D8 /* Build configuration list for PBXNativeTarget "Todo_Task" */ = {
			isa = XCConfigurationList;
			buildConfigurations = (
				FAF7E80F29EABA98008597D8 /* Debug */,
				FAF7E81029EABA98008597D8 /* Release */,
			);
			defaultConfigurationIsVisible = 0;
			defaultConfigurationName = Release;
		};
		FAF7E81129EABA98008597D8 /* Build configuration list for PBXNativeTarget "Todo_TaskTests" */ = {
			isa = XCConfigurationList;
			buildConfigurations = (
				FAF7E81229EABA98008597D8 /* Debug */,
				FAF7E81329EABA98008597D8 /* Release */,
			);
			defaultConfigurationIsVisible = 0;
			defaultConfigurationName = Release;
		};
		FAF7E81429EABA98008597D8 /* Build configuration list for PBXNativeTarget "Todo_TaskUITests" */ = {
			isa = XCConfigurationList;
			buildConfigurations = (
				FAF7E81529EABA98008597D8 /* Debug */,
				FAF7E81629EABA98008597D8 /* Release */,
			);
			defaultConfigurationIsVisible = 0;
			defaultConfigurationName = Release;
		};
/* End XCConfigurationList section */

/* Begin XCVersionGroup section */
		FAF7E7F329EABA98008597D8 /* Todo_Task.xcdatamodeld */ = {
			isa = XCVersionGroup;
			children = (
				FAF7E7F429EABA98008597D8 /* Todo_Task.xcdatamodel */,
			);
			currentVersion = FAF7E7F429EABA98008597D8 /* Todo_Task.xcdatamodel */;
			path = Todo_Task.xcdatamodeld;
			sourceTree = "<group>";
			versionGroupType = wrapper.xcdatamodel;
		};
/* End XCVersionGroup section */
	};
	rootObject = FAF7E7DD29EABA96008597D8 /* Project object */;
}
